// !$*UTF8*$!
{
	archiveVersion = 1;
	classes = {
	};
	objectVersion = 46;
	objects = {

/* Begin PBXBuildFile section */
		360256EC1D5E065F006C8EF8 /* StatusTableViewController.m in Sources */ = {isa = PBXBuildFile; fileRef = 360256EB1D5E065F006C8EF8 /* StatusTableViewController.m */; };
		361C36B01D589C660064E76C /* UserModel.m in Sources */ = {isa = PBXBuildFile; fileRef = 361C36AF1D589C660064E76C /* UserModel.m */; };
		363C0A7B1D6310A000CED9DB /* ReviewImgController.m in Sources */ = {isa = PBXBuildFile; fileRef = 363C0A7A1D6310A000CED9DB /* ReviewImgController.m */; };
		3687B2411D5C46BF0084887F /* NSAttributedString+MLLabel.m in Sources */ = {isa = PBXBuildFile; fileRef = 3687B22B1D5C46BF0084887F /* NSAttributedString+MLLabel.m */; };
		3687B2421D5C46BF0084887F /* NSMutableAttributedString+MLLabel.m in Sources */ = {isa = PBXBuildFile; fileRef = 3687B22D1D5C46BF0084887F /* NSMutableAttributedString+MLLabel.m */; };
		3687B2431D5C46BF0084887F /* NSString+MLLabel.m in Sources */ = {isa = PBXBuildFile; fileRef = 3687B22F1D5C46BF0084887F /* NSString+MLLabel.m */; };
		3687B2441D5C46BF0084887F /* MLExpressionManager.m in Sources */ = {isa = PBXBuildFile; fileRef = 3687B2321D5C46BF0084887F /* MLExpressionManager.m */; };
		3687B2451D5C46BF0084887F /* MLTextAttachment.m in Sources */ = {isa = PBXBuildFile; fileRef = 3687B2341D5C46BF0084887F /* MLTextAttachment.m */; };
		3687B2461D5C46BF0084887F /* NSAttributedString+MLExpression.m in Sources */ = {isa = PBXBuildFile; fileRef = 3687B2361D5C46BF0084887F /* NSAttributedString+MLExpression.m */; };
		3687B2471D5C46BF0084887F /* NSString+MLExpression.m in Sources */ = {isa = PBXBuildFile; fileRef = 3687B2381D5C46BF0084887F /* NSString+MLExpression.m */; };
		3687B2481D5C46BF0084887F /* MLLabelLayoutManager.m in Sources */ = {isa = PBXBuildFile; fileRef = 3687B23C1D5C46BF0084887F /* MLLabelLayoutManager.m */; };
		3687B2491D5C46BF0084887F /* MLLabel.m in Sources */ = {isa = PBXBuildFile; fileRef = 3687B23E1D5C46BF0084887F /* MLLabel.m */; };
		3687B24A1D5C46BF0084887F /* MLLinkLabel.m in Sources */ = {isa = PBXBuildFile; fileRef = 3687B2401D5C46BF0084887F /* MLLinkLabel.m */; };
		368E17461D5ABA630006234D /* StatusCell.m in Sources */ = {isa = PBXBuildFile; fileRef = 368E17441D5ABA630006234D /* StatusCell.m */; };
		368E17471D5ABA630006234D /* StatusCell.xib in Resources */ = {isa = PBXBuildFile; fileRef = 368E17451D5ABA630006234D /* StatusCell.xib */; };
		3697C37D1D5849D100C2DD01 /* StatusModel.m in Sources */ = {isa = PBXBuildFile; fileRef = 3697C37C1D5849D100C2DD01 /* StatusModel.m */; };
		36994D481D57136C0078372C /* main.m in Sources */ = {isa = PBXBuildFile; fileRef = 36994D471D57136C0078372C /* main.m */; };
		36994D4B1D57136C0078372C /* AppDelegate.m in Sources */ = {isa = PBXBuildFile; fileRef = 36994D4A1D57136C0078372C /* AppDelegate.m */; };
		36994D531D57136C0078372C /* Assets.xcassets in Resources */ = {isa = PBXBuildFile; fileRef = 36994D521D57136C0078372C /* Assets.xcassets */; };
		36994D561D57136C0078372C /* LaunchScreen.storyboard in Resources */ = {isa = PBXBuildFile; fileRef = 36994D541D57136C0078372C /* LaunchScreen.storyboard */; };
		36C5EF791D5716BA006511B9 /* MKAnnotationView+WebCache.m in Sources */ = {isa = PBXBuildFile; fileRef = 36C5EF591D5716BA006511B9 /* MKAnnotationView+WebCache.m */; };
		36C5EF7A1D5716BA006511B9 /* NSData+ImageContentType.m in Sources */ = {isa = PBXBuildFile; fileRef = 36C5EF5B1D5716BA006511B9 /* NSData+ImageContentType.m */; };
		36C5EF7B1D5716BA006511B9 /* SDImageCache.m in Sources */ = {isa = PBXBuildFile; fileRef = 36C5EF5D1D5716BA006511B9 /* SDImageCache.m */; };
		36C5EF7C1D5716BA006511B9 /* SDWebImageCompat.m in Sources */ = {isa = PBXBuildFile; fileRef = 36C5EF5F1D5716BA006511B9 /* SDWebImageCompat.m */; };
		36C5EF7D1D5716BA006511B9 /* SDWebImageDecoder.m in Sources */ = {isa = PBXBuildFile; fileRef = 36C5EF611D5716BA006511B9 /* SDWebImageDecoder.m */; };
		36C5EF7E1D5716BA006511B9 /* SDWebImageDownloader.m in Sources */ = {isa = PBXBuildFile; fileRef = 36C5EF631D5716BA006511B9 /* SDWebImageDownloader.m */; };
		36C5EF7F1D5716BA006511B9 /* SDWebImageDownloaderOperation.m in Sources */ = {isa = PBXBuildFile; fileRef = 36C5EF651D5716BA006511B9 /* SDWebImageDownloaderOperation.m */; };
		36C5EF801D5716BA006511B9 /* SDWebImageManager.m in Sources */ = {isa = PBXBuildFile; fileRef = 36C5EF671D5716BA006511B9 /* SDWebImageManager.m */; };
		36C5EF811D5716BA006511B9 /* SDWebImagePrefetcher.m in Sources */ = {isa = PBXBuildFile; fileRef = 36C5EF6A1D5716BA006511B9 /* SDWebImagePrefetcher.m */; };
		36C5EF821D5716BA006511B9 /* UIButton+WebCache.m in Sources */ = {isa = PBXBuildFile; fileRef = 36C5EF6C1D5716BA006511B9 /* UIButton+WebCache.m */; };
		36C5EF831D5716BA006511B9 /* UIImage+GIF.m in Sources */ = {isa = PBXBuildFile; fileRef = 36C5EF6E1D5716BA006511B9 /* UIImage+GIF.m */; };
		36C5EF841D5716BA006511B9 /* UIImage+MultiFormat.m in Sources */ = {isa = PBXBuildFile; fileRef = 36C5EF701D5716BA006511B9 /* UIImage+MultiFormat.m */; };
		36C5EF851D5716BA006511B9 /* UIImage+WebP.m in Sources */ = {isa = PBXBuildFile; fileRef = 36C5EF721D5716BA006511B9 /* UIImage+WebP.m */; };
		36C5EF861D5716BA006511B9 /* UIImageView+HighlightedWebCache.m in Sources */ = {isa = PBXBuildFile; fileRef = 36C5EF741D5716BA006511B9 /* UIImageView+HighlightedWebCache.m */; };
		36C5EF871D5716BA006511B9 /* UIImageView+WebCache.m in Sources */ = {isa = PBXBuildFile; fileRef = 36C5EF761D5716BA006511B9 /* UIImageView+WebCache.m */; };
		36C5EF881D5716BA006511B9 /* UIView+WebCacheOperation.m in Sources */ = {isa = PBXBuildFile; fileRef = 36C5EF781D5716BA006511B9 /* UIView+WebCacheOperation.m */; };
		36C5EF8F1D571936006511B9 /* LoginViewController.m in Sources */ = {isa = PBXBuildFile; fileRef = 36C5EF8E1D571936006511B9 /* LoginViewController.m */; };
		36C5EF921D5719D9006511B9 /* ViewController.m in Sources */ = {isa = PBXBuildFile; fileRef = 36C5EF911D5719D9006511B9 /* ViewController.m */; };
		36C5EF981D571A13006511B9 /* HttpRequest.m in Sources */ = {isa = PBXBuildFile; fileRef = 36C5EF951D571A13006511B9 /* HttpRequest.m */; };
		36C5EF991D571A13006511B9 /* NSString+Extend.m in Sources */ = {isa = PBXBuildFile; fileRef = 36C5EF971D571A13006511B9 /* NSString+Extend.m */; };
		36C5EF9F1D571B2B006511B9 /* NavigationScroll.m in Sources */ = {isa = PBXBuildFile; fileRef = 36C5EF9E1D571B2B006511B9 /* NavigationScroll.m */; };
		36C5EFA31D572378006511B9 /* NavigationCollectionViewCell.m in Sources */ = {isa = PBXBuildFile; fileRef = 36C5EFA11D572378006511B9 /* NavigationCollectionViewCell.m */; };
		36C5EFA41D572378006511B9 /* NavigationCollectionViewCell.xib in Resources */ = {isa = PBXBuildFile; fileRef = 36C5EFA21D572378006511B9 /* NavigationCollectionViewCell.xib */; };
		36CF1F611D6ACF0C0098EB09 /* CommentsStatusModel.m in Sources */ = {isa = PBXBuildFile; fileRef = 36CF1F601D6ACF0C0098EB09 /* CommentsStatusModel.m */; };
		36FECD981D674092005C525F /* UIView+Toast.m in Sources */ = {isa = PBXBuildFile; fileRef = 36FECD971D674092005C525F /* UIView+Toast.m */; };
		47B3A5C3F7E103DB605E4324 /* libPods-SmallerWeibo.a in Frameworks */ = {isa = PBXBuildFile; fileRef = C7523AEFC4F0049EADA61E1D /* libPods-SmallerWeibo.a */; };
		CC0303311D716678003FE795 /* Image.bundle in Resources */ = {isa = PBXBuildFile; fileRef = CC0303301D716678003FE795 /* Image.bundle */; };
		CC8F1CA31D716BF00028D0D9 /* face.plist in Resources */ = {isa = PBXBuildFile; fileRef = CC8F1CA21D716BEF0028D0D9 /* face.plist */; };
		CC8F1CA61D716D3A0028D0D9 /* SingExp.m in Sources */ = {isa = PBXBuildFile; fileRef = CC8F1CA51D716D3A0028D0D9 /* SingExp.m */; };
		CCBA4C911D7063BE0046E20F /* MoreViewController.m in Sources */ = {isa = PBXBuildFile; fileRef = CCBA4C901D7063BE0046E20F /* MoreViewController.m */; };
		CCEDB5D51D6E90A800AA4976 /* ReViewImgAnimation.m in Sources */ = {isa = PBXBuildFile; fileRef = CCEDB5D41D6E90A800AA4976 /* ReViewImgAnimation.m */; };
		CCEDB5D91D6EBC2C00AA4976 /* DetailStatusViewController.m in Sources */ = {isa = PBXBuildFile; fileRef = CCEDB5D81D6EBC2C00AA4976 /* DetailStatusViewController.m */; };
		CCEDB5E31D6EBFEE00AA4976 /* CommentsTableViewCell.m in Sources */ = {isa = PBXBuildFile; fileRef = CCEDB5E11D6EBFEE00AA4976 /* CommentsTableViewCell.m */; };
		CCEDB5E41D6EBFEE00AA4976 /* CommentsTableViewCell.xib in Resources */ = {isa = PBXBuildFile; fileRef = CCEDB5E21D6EBFEE00AA4976 /* CommentsTableViewCell.xib */; };
		CCEDB5E81D6EC43100AA4976 /* commentsModel.m in Sources */ = {isa = PBXBuildFile; fileRef = CCEDB5E71D6EC43100AA4976 /* commentsModel.m */; };
/* End PBXBuildFile section */

/* Begin PBXFileReference section */
		360256EA1D5E065F006C8EF8 /* StatusTableViewController.h */ = {isa = PBXFileReference; fileEncoding = 4; lastKnownFileType = sourcecode.c.h; path = StatusTableViewController.h; sourceTree = "<group>"; };
		360256EB1D5E065F006C8EF8 /* StatusTableViewController.m */ = {isa = PBXFileReference; fileEncoding = 4; lastKnownFileType = sourcecode.c.objc; path = StatusTableViewController.m; sourceTree = "<group>"; };
		361C36AE1D589C660064E76C /* UserModel.h */ = {isa = PBXFileReference; fileEncoding = 4; lastKnownFileType = sourcecode.c.h; name = UserModel.h; path = ../../GeneralClass/UserModel.h; sourceTree = "<group>"; };
		361C36AF1D589C660064E76C /* UserModel.m */ = {isa = PBXFileReference; fileEncoding = 4; lastKnownFileType = sourcecode.c.objc; name = UserModel.m; path = ../../GeneralClass/UserModel.m; sourceTree = "<group>"; };
		363C0A791D6310A000CED9DB /* ReviewImgController.h */ = {isa = PBXFileReference; fileEncoding = 4; lastKnownFileType = sourcecode.c.h; path = ReviewImgController.h; sourceTree = "<group>"; };
		363C0A7A1D6310A000CED9DB /* ReviewImgController.m */ = {isa = PBXFileReference; fileEncoding = 4; lastKnownFileType = sourcecode.c.objc; path = ReviewImgController.m; sourceTree = "<group>"; };
		3687B22A1D5C46BF0084887F /* NSAttributedString+MLLabel.h */ = {isa = PBXFileReference; fileEncoding = 4; lastKnownFileType = sourcecode.c.h; path = "NSAttributedString+MLLabel.h"; sourceTree = "<group>"; };
		3687B22B1D5C46BF0084887F /* NSAttributedString+MLLabel.m */ = {isa = PBXFileReference; fileEncoding = 4; lastKnownFileType = sourcecode.c.objc; path = "NSAttributedString+MLLabel.m"; sourceTree = "<group>"; };
		3687B22C1D5C46BF0084887F /* NSMutableAttributedString+MLLabel.h */ = {isa = PBXFileReference; fileEncoding = 4; lastKnownFileType = sourcecode.c.h; path = "NSMutableAttributedString+MLLabel.h"; sourceTree = "<group>"; };
		3687B22D1D5C46BF0084887F /* NSMutableAttributedString+MLLabel.m */ = {isa = PBXFileReference; fileEncoding = 4; lastKnownFileType = sourcecode.c.objc; path = "NSMutableAttributedString+MLLabel.m"; sourceTree = "<group>"; };
		3687B22E1D5C46BF0084887F /* NSString+MLLabel.h */ = {isa = PBXFileReference; fileEncoding = 4; lastKnownFileType = sourcecode.c.h; path = "NSString+MLLabel.h"; sourceTree = "<group>"; };
		3687B22F1D5C46BF0084887F /* NSString+MLLabel.m */ = {isa = PBXFileReference; fileEncoding = 4; lastKnownFileType = sourcecode.c.objc; path = "NSString+MLLabel.m"; sourceTree = "<group>"; };
		3687B2311D5C46BF0084887F /* MLExpressionManager.h */ = {isa = PBXFileReference; fileEncoding = 4; lastKnownFileType = sourcecode.c.h; path = MLExpressionManager.h; sourceTree = "<group>"; };
		3687B2321D5C46BF0084887F /* MLExpressionManager.m */ = {isa = PBXFileReference; fileEncoding = 4; lastKnownFileType = sourcecode.c.objc; path = MLExpressionManager.m; sourceTree = "<group>"; };
		3687B2331D5C46BF0084887F /* MLTextAttachment.h */ = {isa = PBXFileReference; fileEncoding = 4; lastKnownFileType = sourcecode.c.h; path = MLTextAttachment.h; sourceTree = "<group>"; };
		3687B2341D5C46BF0084887F /* MLTextAttachment.m */ = {isa = PBXFileReference; fileEncoding = 4; lastKnownFileType = sourcecode.c.objc; path = MLTextAttachment.m; sourceTree = "<group>"; };
		3687B2351D5C46BF0084887F /* NSAttributedString+MLExpression.h */ = {isa = PBXFileReference; fileEncoding = 4; lastKnownFileType = sourcecode.c.h; path = "NSAttributedString+MLExpression.h"; sourceTree = "<group>"; };
		3687B2361D5C46BF0084887F /* NSAttributedString+MLExpression.m */ = {isa = PBXFileReference; fileEncoding = 4; lastKnownFileType = sourcecode.c.objc; path = "NSAttributedString+MLExpression.m"; sourceTree = "<group>"; };
		3687B2371D5C46BF0084887F /* NSString+MLExpression.h */ = {isa = PBXFileReference; fileEncoding = 4; lastKnownFileType = sourcecode.c.h; path = "NSString+MLExpression.h"; sourceTree = "<group>"; };
		3687B2381D5C46BF0084887F /* NSString+MLExpression.m */ = {isa = PBXFileReference; fileEncoding = 4; lastKnownFileType = sourcecode.c.objc; path = "NSString+MLExpression.m"; sourceTree = "<group>"; };
		3687B23A1D5C46BF0084887F /* MLLabel+Override.h */ = {isa = PBXFileReference; fileEncoding = 4; lastKnownFileType = sourcecode.c.h; path = "MLLabel+Override.h"; sourceTree = "<group>"; };
		3687B23B1D5C46BF0084887F /* MLLabelLayoutManager.h */ = {isa = PBXFileReference; fileEncoding = 4; lastKnownFileType = sourcecode.c.h; path = MLLabelLayoutManager.h; sourceTree = "<group>"; };
		3687B23C1D5C46BF0084887F /* MLLabelLayoutManager.m */ = {isa = PBXFileReference; fileEncoding = 4; lastKnownFileType = sourcecode.c.objc; path = MLLabelLayoutManager.m; sourceTree = "<group>"; };
		3687B23D1D5C46BF0084887F /* MLLabel.h */ = {isa = PBXFileReference; fileEncoding = 4; lastKnownFileType = sourcecode.c.h; path = MLLabel.h; sourceTree = "<group>"; };
		3687B23E1D5C46BF0084887F /* MLLabel.m */ = {isa = PBXFileReference; fileEncoding = 4; lastKnownFileType = sourcecode.c.objc; path = MLLabel.m; sourceTree = "<group>"; };
		3687B23F1D5C46BF0084887F /* MLLinkLabel.h */ = {isa = PBXFileReference; fileEncoding = 4; lastKnownFileType = sourcecode.c.h; path = MLLinkLabel.h; sourceTree = "<group>"; };
		3687B2401D5C46BF0084887F /* MLLinkLabel.m */ = {isa = PBXFileReference; fileEncoding = 4; lastKnownFileType = sourcecode.c.objc; path = MLLinkLabel.m; sourceTree = "<group>"; };
		368E17431D5ABA630006234D /* StatusCell.h */ = {isa = PBXFileReference; fileEncoding = 4; lastKnownFileType = sourcecode.c.h; path = StatusCell.h; sourceTree = "<group>"; };
		368E17441D5ABA630006234D /* StatusCell.m */ = {isa = PBXFileReference; fileEncoding = 4; lastKnownFileType = sourcecode.c.objc; path = StatusCell.m; sourceTree = "<group>"; };
		368E17451D5ABA630006234D /* StatusCell.xib */ = {isa = PBXFileReference; fileEncoding = 4; lastKnownFileType = file.xib; path = StatusCell.xib; sourceTree = "<group>"; };
		3697C37B1D5849D100C2DD01 /* StatusModel.h */ = {isa = PBXFileReference; fileEncoding = 4; lastKnownFileType = sourcecode.c.h; path = StatusModel.h; sourceTree = "<group>"; };
		3697C37C1D5849D100C2DD01 /* StatusModel.m */ = {isa = PBXFileReference; fileEncoding = 4; lastKnownFileType = sourcecode.c.objc; path = StatusModel.m; sourceTree = "<group>"; };
		36994D431D57136C0078372C /* SmallerWeibo.app */ = {isa = PBXFileReference; explicitFileType = wrapper.application; includeInIndex = 0; path = SmallerWeibo.app; sourceTree = BUILT_PRODUCTS_DIR; };
		36994D471D57136C0078372C /* main.m */ = {isa = PBXFileReference; lastKnownFileType = sourcecode.c.objc; path = main.m; sourceTree = "<group>"; };
		36994D491D57136C0078372C /* AppDelegate.h */ = {isa = PBXFileReference; lastKnownFileType = sourcecode.c.h; name = AppDelegate.h; path = ../AppDelegate.h; sourceTree = "<group>"; };
		36994D4A1D57136C0078372C /* AppDelegate.m */ = {isa = PBXFileReference; lastKnownFileType = sourcecode.c.objc; name = AppDelegate.m; path = ../AppDelegate.m; sourceTree = "<group>"; };
		36994D521D57136C0078372C /* Assets.xcassets */ = {isa = PBXFileReference; lastKnownFileType = folder.assetcatalog; name = Assets.xcassets; path = ../Assets.xcassets; sourceTree = "<group>"; };
		36994D551D57136C0078372C /* Base */ = {isa = PBXFileReference; lastKnownFileType = file.storyboard; name = Base; path = Base.lproj/LaunchScreen.storyboard; sourceTree = "<group>"; };
		36994D571D57136C0078372C /* Info.plist */ = {isa = PBXFileReference; lastKnownFileType = text.plist.xml; path = Info.plist; sourceTree = "<group>"; };
		36C5EF561D5716AB006511B9 /* PrefixHeader.pch */ = {isa = PBXFileReference; lastKnownFileType = sourcecode.c.h; path = PrefixHeader.pch; sourceTree = "<group>"; };
		36C5EF581D5716BA006511B9 /* MKAnnotationView+WebCache.h */ = {isa = PBXFileReference; fileEncoding = 4; lastKnownFileType = sourcecode.c.h; path = "MKAnnotationView+WebCache.h"; sourceTree = "<group>"; };
		36C5EF591D5716BA006511B9 /* MKAnnotationView+WebCache.m */ = {isa = PBXFileReference; fileEncoding = 4; lastKnownFileType = sourcecode.c.objc; path = "MKAnnotationView+WebCache.m"; sourceTree = "<group>"; };
		36C5EF5A1D5716BA006511B9 /* NSData+ImageContentType.h */ = {isa = PBXFileReference; fileEncoding = 4; lastKnownFileType = sourcecode.c.h; path = "NSData+ImageContentType.h"; sourceTree = "<group>"; };
		36C5EF5B1D5716BA006511B9 /* NSData+ImageContentType.m */ = {isa = PBXFileReference; fileEncoding = 4; lastKnownFileType = sourcecode.c.objc; path = "NSData+ImageContentType.m"; sourceTree = "<group>"; };
		36C5EF5C1D5716BA006511B9 /* SDImageCache.h */ = {isa = PBXFileReference; fileEncoding = 4; lastKnownFileType = sourcecode.c.h; path = SDImageCache.h; sourceTree = "<group>"; };
		36C5EF5D1D5716BA006511B9 /* SDImageCache.m */ = {isa = PBXFileReference; fileEncoding = 4; lastKnownFileType = sourcecode.c.objc; path = SDImageCache.m; sourceTree = "<group>"; };
		36C5EF5E1D5716BA006511B9 /* SDWebImageCompat.h */ = {isa = PBXFileReference; fileEncoding = 4; lastKnownFileType = sourcecode.c.h; path = SDWebImageCompat.h; sourceTree = "<group>"; };
		36C5EF5F1D5716BA006511B9 /* SDWebImageCompat.m */ = {isa = PBXFileReference; fileEncoding = 4; lastKnownFileType = sourcecode.c.objc; path = SDWebImageCompat.m; sourceTree = "<group>"; };
		36C5EF601D5716BA006511B9 /* SDWebImageDecoder.h */ = {isa = PBXFileReference; fileEncoding = 4; lastKnownFileType = sourcecode.c.h; path = SDWebImageDecoder.h; sourceTree = "<group>"; };
		36C5EF611D5716BA006511B9 /* SDWebImageDecoder.m */ = {isa = PBXFileReference; fileEncoding = 4; lastKnownFileType = sourcecode.c.objc; path = SDWebImageDecoder.m; sourceTree = "<group>"; };
		36C5EF621D5716BA006511B9 /* SDWebImageDownloader.h */ = {isa = PBXFileReference; fileEncoding = 4; lastKnownFileType = sourcecode.c.h; path = SDWebImageDownloader.h; sourceTree = "<group>"; };
		36C5EF631D5716BA006511B9 /* SDWebImageDownloader.m */ = {isa = PBXFileReference; fileEncoding = 4; lastKnownFileType = sourcecode.c.objc; path = SDWebImageDownloader.m; sourceTree = "<group>"; };
		36C5EF641D5716BA006511B9 /* SDWebImageDownloaderOperation.h */ = {isa = PBXFileReference; fileEncoding = 4; lastKnownFileType = sourcecode.c.h; path = SDWebImageDownloaderOperation.h; sourceTree = "<group>"; };
		36C5EF651D5716BA006511B9 /* SDWebImageDownloaderOperation.m */ = {isa = PBXFileReference; fileEncoding = 4; lastKnownFileType = sourcecode.c.objc; path = SDWebImageDownloaderOperation.m; sourceTree = "<group>"; };
		36C5EF661D5716BA006511B9 /* SDWebImageManager.h */ = {isa = PBXFileReference; fileEncoding = 4; lastKnownFileType = sourcecode.c.h; path = SDWebImageManager.h; sourceTree = "<group>"; };
		36C5EF671D5716BA006511B9 /* SDWebImageManager.m */ = {isa = PBXFileReference; fileEncoding = 4; lastKnownFileType = sourcecode.c.objc; path = SDWebImageManager.m; sourceTree = "<group>"; };
		36C5EF681D5716BA006511B9 /* SDWebImageOperation.h */ = {isa = PBXFileReference; fileEncoding = 4; lastKnownFileType = sourcecode.c.h; path = SDWebImageOperation.h; sourceTree = "<group>"; };
		36C5EF691D5716BA006511B9 /* SDWebImagePrefetcher.h */ = {isa = PBXFileReference; fileEncoding = 4; lastKnownFileType = sourcecode.c.h; path = SDWebImagePrefetcher.h; sourceTree = "<group>"; };
		36C5EF6A1D5716BA006511B9 /* SDWebImagePrefetcher.m */ = {isa = PBXFileReference; fileEncoding = 4; lastKnownFileType = sourcecode.c.objc; path = SDWebImagePrefetcher.m; sourceTree = "<group>"; };
		36C5EF6B1D5716BA006511B9 /* UIButton+WebCache.h */ = {isa = PBXFileReference; fileEncoding = 4; lastKnownFileType = sourcecode.c.h; path = "UIButton+WebCache.h"; sourceTree = "<group>"; };
		36C5EF6C1D5716BA006511B9 /* UIButton+WebCache.m */ = {isa = PBXFileReference; fileEncoding = 4; lastKnownFileType = sourcecode.c.objc; path = "UIButton+WebCache.m"; sourceTree = "<group>"; };
		36C5EF6D1D5716BA006511B9 /* UIImage+GIF.h */ = {isa = PBXFileReference; fileEncoding = 4; lastKnownFileType = sourcecode.c.h; path = "UIImage+GIF.h"; sourceTree = "<group>"; };
		36C5EF6E1D5716BA006511B9 /* UIImage+GIF.m */ = {isa = PBXFileReference; fileEncoding = 4; lastKnownFileType = sourcecode.c.objc; path = "UIImage+GIF.m"; sourceTree = "<group>"; };
		36C5EF6F1D5716BA006511B9 /* UIImage+MultiFormat.h */ = {isa = PBXFileReference; fileEncoding = 4; lastKnownFileType = sourcecode.c.h; path = "UIImage+MultiFormat.h"; sourceTree = "<group>"; };
		36C5EF701D5716BA006511B9 /* UIImage+MultiFormat.m */ = {isa = PBXFileReference; fileEncoding = 4; lastKnownFileType = sourcecode.c.objc; path = "UIImage+MultiFormat.m"; sourceTree = "<group>"; };
		36C5EF711D5716BA006511B9 /* UIImage+WebP.h */ = {isa = PBXFileReference; fileEncoding = 4; lastKnownFileType = sourcecode.c.h; path = "UIImage+WebP.h"; sourceTree = "<group>"; };
		36C5EF721D5716BA006511B9 /* UIImage+WebP.m */ = {isa = PBXFileReference; fileEncoding = 4; lastKnownFileType = sourcecode.c.objc; path = "UIImage+WebP.m"; sourceTree = "<group>"; };
		36C5EF731D5716BA006511B9 /* UIImageView+HighlightedWebCache.h */ = {isa = PBXFileReference; fileEncoding = 4; lastKnownFileType = sourcecode.c.h; path = "UIImageView+HighlightedWebCache.h"; sourceTree = "<group>"; };
		36C5EF741D5716BA006511B9 /* UIImageView+HighlightedWebCache.m */ = {isa = PBXFileReference; fileEncoding = 4; lastKnownFileType = sourcecode.c.objc; path = "UIImageView+HighlightedWebCache.m"; sourceTree = "<group>"; };
		36C5EF751D5716BA006511B9 /* UIImageView+WebCache.h */ = {isa = PBXFileReference; fileEncoding = 4; lastKnownFileType = sourcecode.c.h; path = "UIImageView+WebCache.h"; sourceTree = "<group>"; };
		36C5EF761D5716BA006511B9 /* UIImageView+WebCache.m */ = {isa = PBXFileReference; fileEncoding = 4; lastKnownFileType = sourcecode.c.objc; path = "UIImageView+WebCache.m"; sourceTree = "<group>"; };
		36C5EF771D5716BA006511B9 /* UIView+WebCacheOperation.h */ = {isa = PBXFileReference; fileEncoding = 4; lastKnownFileType = sourcecode.c.h; path = "UIView+WebCacheOperation.h"; sourceTree = "<group>"; };
		36C5EF781D5716BA006511B9 /* UIView+WebCacheOperation.m */ = {isa = PBXFileReference; fileEncoding = 4; lastKnownFileType = sourcecode.c.objc; path = "UIView+WebCacheOperation.m"; sourceTree = "<group>"; };
		36C5EF8D1D571936006511B9 /* LoginViewController.h */ = {isa = PBXFileReference; fileEncoding = 4; lastKnownFileType = sourcecode.c.h; path = LoginViewController.h; sourceTree = "<group>"; };
		36C5EF8E1D571936006511B9 /* LoginViewController.m */ = {isa = PBXFileReference; fileEncoding = 4; lastKnownFileType = sourcecode.c.objc; path = LoginViewController.m; sourceTree = "<group>"; };
		36C5EF901D5719D9006511B9 /* ViewController.h */ = {isa = PBXFileReference; fileEncoding = 4; lastKnownFileType = sourcecode.c.h; path = ViewController.h; sourceTree = "<group>"; };
		36C5EF911D5719D9006511B9 /* ViewController.m */ = {isa = PBXFileReference; fileEncoding = 4; lastKnownFileType = sourcecode.c.objc; path = ViewController.m; sourceTree = "<group>"; };
		36C5EF941D571A13006511B9 /* HttpRequest.h */ = {isa = PBXFileReference; fileEncoding = 4; lastKnownFileType = sourcecode.c.h; path = HttpRequest.h; sourceTree = "<group>"; };
		36C5EF951D571A13006511B9 /* HttpRequest.m */ = {isa = PBXFileReference; fileEncoding = 4; lastKnownFileType = sourcecode.c.objc; path = HttpRequest.m; sourceTree = "<group>"; };
		36C5EF961D571A13006511B9 /* NSString+Extend.h */ = {isa = PBXFileReference; fileEncoding = 4; lastKnownFileType = sourcecode.c.h; path = "NSString+Extend.h"; sourceTree = "<group>"; };
		36C5EF971D571A13006511B9 /* NSString+Extend.m */ = {isa = PBXFileReference; fileEncoding = 4; lastKnownFileType = sourcecode.c.objc; path = "NSString+Extend.m"; sourceTree = "<group>"; };
		36C5EF9D1D571B2B006511B9 /* NavigationScroll.h */ = {isa = PBXFileReference; fileEncoding = 4; lastKnownFileType = sourcecode.c.h; path = NavigationScroll.h; sourceTree = "<group>"; };
		36C5EF9E1D571B2B006511B9 /* NavigationScroll.m */ = {isa = PBXFileReference; fileEncoding = 4; lastKnownFileType = sourcecode.c.objc; path = NavigationScroll.m; sourceTree = "<group>"; };
		36C5EFA01D572378006511B9 /* NavigationCollectionViewCell.h */ = {isa = PBXFileReference; fileEncoding = 4; lastKnownFileType = sourcecode.c.h; path = NavigationCollectionViewCell.h; sourceTree = "<group>"; };
		36C5EFA11D572378006511B9 /* NavigationCollectionViewCell.m */ = {isa = PBXFileReference; fileEncoding = 4; lastKnownFileType = sourcecode.c.objc; path = NavigationCollectionViewCell.m; sourceTree = "<group>"; };
		36C5EFA21D572378006511B9 /* NavigationCollectionViewCell.xib */ = {isa = PBXFileReference; fileEncoding = 4; lastKnownFileType = file.xib; path = NavigationCollectionViewCell.xib; sourceTree = "<group>"; };
		36CF1F5F1D6ACF0C0098EB09 /* CommentsStatusModel.h */ = {isa = PBXFileReference; fileEncoding = 4; lastKnownFileType = sourcecode.c.h; path = CommentsStatusModel.h; sourceTree = "<group>"; };
		36CF1F601D6ACF0C0098EB09 /* CommentsStatusModel.m */ = {isa = PBXFileReference; fileEncoding = 4; lastKnownFileType = sourcecode.c.objc; path = CommentsStatusModel.m; sourceTree = "<group>"; };
		36FECD961D674092005C525F /* UIView+Toast.h */ = {isa = PBXFileReference; fileEncoding = 4; lastKnownFileType = sourcecode.c.h; path = "UIView+Toast.h"; sourceTree = "<group>"; };
		36FECD971D674092005C525F /* UIView+Toast.m */ = {isa = PBXFileReference; fileEncoding = 4; lastKnownFileType = sourcecode.c.objc; path = "UIView+Toast.m"; sourceTree = "<group>"; };
		4E9207BE03FA49DFE0F75765 /* Pods-SmallerWeibo.debug.xcconfig */ = {isa = PBXFileReference; includeInIndex = 1; lastKnownFileType = text.xcconfig; name = "Pods-SmallerWeibo.debug.xcconfig"; path = "Pods/Target Support Files/Pods-SmallerWeibo/Pods-SmallerWeibo.debug.xcconfig"; sourceTree = "<group>"; };
		C7523AEFC4F0049EADA61E1D /* libPods-SmallerWeibo.a */ = {isa = PBXFileReference; explicitFileType = archive.ar; includeInIndex = 0; path = "libPods-SmallerWeibo.a"; sourceTree = BUILT_PRODUCTS_DIR; };
		CC0303301D716678003FE795 /* Image.bundle */ = {isa = PBXFileReference; lastKnownFileType = "wrapper.plug-in"; path = Image.bundle; sourceTree = "<group>"; };
		CC8F1CA21D716BEF0028D0D9 /* face.plist */ = {isa = PBXFileReference; fileEncoding = 4; lastKnownFileType = text.plist.xml; name = face.plist; path = ../../../../../Desktop/face.plist; sourceTree = "<group>"; };
		CC8F1CA41D716D3A0028D0D9 /* SingExp.h */ = {isa = PBXFileReference; fileEncoding = 4; lastKnownFileType = sourcecode.c.h; path = SingExp.h; sourceTree = "<group>"; };
		CC8F1CA51D716D3A0028D0D9 /* SingExp.m */ = {isa = PBXFileReference; fileEncoding = 4; lastKnownFileType = sourcecode.c.objc; path = SingExp.m; sourceTree = "<group>"; };
		CCBA4C8F1D7063BE0046E20F /* MoreViewController.h */ = {isa = PBXFileReference; fileEncoding = 4; lastKnownFileType = sourcecode.c.h; path = MoreViewController.h; sourceTree = "<group>"; };
		CCBA4C901D7063BE0046E20F /* MoreViewController.m */ = {isa = PBXFileReference; fileEncoding = 4; lastKnownFileType = sourcecode.c.objc; path = MoreViewController.m; sourceTree = "<group>"; };
		CCEDB5D31D6E90A800AA4976 /* ReViewImgAnimation.h */ = {isa = PBXFileReference; fileEncoding = 4; lastKnownFileType = sourcecode.c.h; path = ReViewImgAnimation.h; sourceTree = "<group>"; };
		CCEDB5D41D6E90A800AA4976 /* ReViewImgAnimation.m */ = {isa = PBXFileReference; fileEncoding = 4; lastKnownFileType = sourcecode.c.objc; path = ReViewImgAnimation.m; sourceTree = "<group>"; };
		CCEDB5D71D6EBC2C00AA4976 /* DetailStatusViewController.h */ = {isa = PBXFileReference; fileEncoding = 4; lastKnownFileType = sourcecode.c.h; path = DetailStatusViewController.h; sourceTree = "<group>"; };
		CCEDB5D81D6EBC2C00AA4976 /* DetailStatusViewController.m */ = {isa = PBXFileReference; fileEncoding = 4; lastKnownFileType = sourcecode.c.objc; path = DetailStatusViewController.m; sourceTree = "<group>"; };
		CCEDB5E01D6EBFEE00AA4976 /* CommentsTableViewCell.h */ = {isa = PBXFileReference; fileEncoding = 4; lastKnownFileType = sourcecode.c.h; path = CommentsTableViewCell.h; sourceTree = "<group>"; };
		CCEDB5E11D6EBFEE00AA4976 /* CommentsTableViewCell.m */ = {isa = PBXFileReference; fileEncoding = 4; lastKnownFileType = sourcecode.c.objc; path = CommentsTableViewCell.m; sourceTree = "<group>"; };
		CCEDB5E21D6EBFEE00AA4976 /* CommentsTableViewCell.xib */ = {isa = PBXFileReference; fileEncoding = 4; lastKnownFileType = file.xib; path = CommentsTableViewCell.xib; sourceTree = "<group>"; };
		CCEDB5E61D6EC43100AA4976 /* commentsModel.h */ = {isa = PBXFileReference; fileEncoding = 4; lastKnownFileType = sourcecode.c.h; path = commentsModel.h; sourceTree = "<group>"; };
		CCEDB5E71D6EC43100AA4976 /* commentsModel.m */ = {isa = PBXFileReference; fileEncoding = 4; lastKnownFileType = sourcecode.c.objc; path = commentsModel.m; sourceTree = "<group>"; };
		E87709EF3301DB26FA66DE96 /* Pods-SmallerWeibo.release.xcconfig */ = {isa = PBXFileReference; includeInIndex = 1; lastKnownFileType = text.xcconfig; name = "Pods-SmallerWeibo.release.xcconfig"; path = "Pods/Target Support Files/Pods-SmallerWeibo/Pods-SmallerWeibo.release.xcconfig"; sourceTree = "<group>"; };
/* End PBXFileReference section */

/* Begin PBXFrameworksBuildPhase section */
		36994D401D57136C0078372C /* Frameworks */ = {
			isa = PBXFrameworksBuildPhase;
			buildActionMask = 2147483647;
			files = (
				47B3A5C3F7E103DB605E4324 /* libPods-SmallerWeibo.a in Frameworks */,
			);
			runOnlyForDeploymentPostprocessing = 0;
		};
/* End PBXFrameworksBuildPhase section */

/* Begin PBXGroup section */
		1B2E925628A3A75C69AD0AB5 /* Frameworks */ = {
			isa = PBXGroup;
			children = (
				C7523AEFC4F0049EADA61E1D /* libPods-SmallerWeibo.a */,
			);
			name = Frameworks;
			sourceTree = "<group>";
		};
		361C369E1D58863A0064E76C /* NavigationScroll */ = {
			isa = PBXGroup;
			children = (
				36C5EF9D1D571B2B006511B9 /* NavigationScroll.h */,
				36C5EF9E1D571B2B006511B9 /* NavigationScroll.m */,
				36C5EFA01D572378006511B9 /* NavigationCollectionViewCell.h */,
				36C5EFA11D572378006511B9 /* NavigationCollectionViewCell.m */,
				36C5EFA21D572378006511B9 /* NavigationCollectionViewCell.xib */,
			);
			name = NavigationScroll;
			sourceTree = "<group>";
		};
		361C369F1D5886650064E76C /* MainScrollView */ = {
			isa = PBXGroup;
			children = (
				368E17431D5ABA630006234D /* StatusCell.h */,
				368E17441D5ABA630006234D /* StatusCell.m */,
				368E17451D5ABA630006234D /* StatusCell.xib */,
			);
			name = MainScrollView;
			sourceTree = "<group>";
		};
		363C0A781D630FB200CED9DB /* ReviewImgController */ = {
			isa = PBXGroup;
			children = (
				363C0A791D6310A000CED9DB /* ReviewImgController.h */,
				363C0A7A1D6310A000CED9DB /* ReviewImgController.m */,
			);
			name = ReviewImgController;
			path = ReviewImg;
			sourceTree = "<group>";
		};
		3687B2291D5C46BF0084887F /* Category */ = {
			isa = PBXGroup;
			children = (
				3687B22A1D5C46BF0084887F /* NSAttributedString+MLLabel.h */,
				3687B22B1D5C46BF0084887F /* NSAttributedString+MLLabel.m */,
				3687B22C1D5C46BF0084887F /* NSMutableAttributedString+MLLabel.h */,
				3687B22D1D5C46BF0084887F /* NSMutableAttributedString+MLLabel.m */,
				3687B22E1D5C46BF0084887F /* NSString+MLLabel.h */,
				3687B22F1D5C46BF0084887F /* NSString+MLLabel.m */,
			);
			path = Category;
			sourceTree = "<group>";
		};
		3687B2301D5C46BF0084887F /* Expression */ = {
			isa = PBXGroup;
			children = (
				3687B2311D5C46BF0084887F /* MLExpressionManager.h */,
				3687B2321D5C46BF0084887F /* MLExpressionManager.m */,
				3687B2331D5C46BF0084887F /* MLTextAttachment.h */,
				3687B2341D5C46BF0084887F /* MLTextAttachment.m */,
				3687B2351D5C46BF0084887F /* NSAttributedString+MLExpression.h */,
				3687B2361D5C46BF0084887F /* NSAttributedString+MLExpression.m */,
				3687B2371D5C46BF0084887F /* NSString+MLExpression.h */,
				3687B2381D5C46BF0084887F /* NSString+MLExpression.m */,
			);
			path = Expression;
			sourceTree = "<group>";
		};
		3687B2391D5C46BF0084887F /* Helper */ = {
			isa = PBXGroup;
			children = (
				3687B23A1D5C46BF0084887F /* MLLabel+Override.h */,
				3687B23B1D5C46BF0084887F /* MLLabelLayoutManager.h */,
				3687B23C1D5C46BF0084887F /* MLLabelLayoutManager.m */,
			);
			path = Helper;
			sourceTree = "<group>";
		};
		36994D3A1D57136C0078372C = {
			isa = PBXGroup;
			children = (
				36994D451D57136C0078372C /* SmallerWeibo */,
				C9CEB8E7E8F2035E037FCDB4 /* Pods */,
				1B2E925628A3A75C69AD0AB5 /* Frameworks */,
			);
			sourceTree = "<group>";
		};
		36994D441D57136C0078372C /* Products */ = {
			isa = PBXGroup;
			children = (
				36994D431D57136C0078372C /* SmallerWeibo.app */,
			);
			name = Products;
			path = ..;
			sourceTree = "<group>";
		};
		36994D451D57136C0078372C /* SmallerWeibo */ = {
			isa = PBXGroup;
			children = (
				36C5EF4F1D57156D006511B9 /* Classes */,
				36994D441D57136C0078372C /* Products */,
				36994D461D57136C0078372C /* Supporting Files */,
				36C5EF511D57158A006511B9 /* Resource */,
			);
			path = SmallerWeibo;
			sourceTree = "<group>";
		};
		36994D461D57136C0078372C /* Supporting Files */ = {
			isa = PBXGroup;
			children = (
				36994D541D57136C0078372C /* LaunchScreen.storyboard */,
				36994D571D57136C0078372C /* Info.plist */,
				36994D471D57136C0078372C /* main.m */,
			);
			name = "Supporting Files";
			sourceTree = "<group>";
		};
		36A4BB181D5AED690075DA18 /* MLLabel */ = {
			isa = PBXGroup;
			children = (
				3687B2291D5C46BF0084887F /* Category */,
				3687B2301D5C46BF0084887F /* Expression */,
				3687B2391D5C46BF0084887F /* Helper */,
				3687B23D1D5C46BF0084887F /* MLLabel.h */,
				3687B23E1D5C46BF0084887F /* MLLabel.m */,
				3687B23F1D5C46BF0084887F /* MLLinkLabel.h */,
				3687B2401D5C46BF0084887F /* MLLinkLabel.m */,
			);
			path = MLLabel;
			sourceTree = "<group>";
		};
		36C5EF4F1D57156D006511B9 /* Classes */ = {
			isa = PBXGroup;
			children = (
				36C5EF521D57161F006511B9 /* AppDelegate */,
				36C5EF931D571A13006511B9 /* GeneralClass */,
				36C5EF551D57164F006511B9 /* Main */,
				CCEDB62B1D6F2E8200AA4976 /* More */,
				CCEDB5DB1D6EBC4300AA4976 /* DetailStatus */,
				363C0A781D630FB200CED9DB /* ReviewImgController */,
				36C5EF541D57163D006511B9 /* Login */,
			);
			path = Classes;
			sourceTree = "<group>";
		};
		36C5EF511D57158A006511B9 /* Resource */ = {
			isa = PBXGroup;
			children = (
				36A4BB181D5AED690075DA18 /* MLLabel */,
				36C5EF571D5716BA006511B9 /* SDWebImage */,
				36C5EF561D5716AB006511B9 /* PrefixHeader.pch */,
				36994D521D57136C0078372C /* Assets.xcassets */,
				CC8F1CA21D716BEF0028D0D9 /* face.plist */,
				CC0303301D716678003FE795 /* Image.bundle */,
			);
			path = Resource;
			sourceTree = "<group>";
		};
		36C5EF521D57161F006511B9 /* AppDelegate */ = {
			isa = PBXGroup;
			children = (
				36994D491D57136C0078372C /* AppDelegate.h */,
				36994D4A1D57136C0078372C /* AppDelegate.m */,
			);
			name = AppDelegate;
			sourceTree = "<group>";
		};
		36C5EF541D57163D006511B9 /* Login */ = {
			isa = PBXGroup;
			children = (
				36C5EF8C1D571936006511B9 /* Controller */,
			);
			name = Login;
			sourceTree = "<group>";
		};
		36C5EF551D57164F006511B9 /* Main */ = {
			isa = PBXGroup;
			children = (
				36C5EF891D57171A006511B9 /* Controller */,
				36C5EF8B1D571727006511B9 /* Model */,
				36C5EF8A1D571722006511B9 /* View */,
			);
			path = Main;
			sourceTree = "<group>";
		};
		36C5EF571D5716BA006511B9 /* SDWebImage */ = {
			isa = PBXGroup;
			children = (
				36C5EF581D5716BA006511B9 /* MKAnnotationView+WebCache.h */,
				36C5EF591D5716BA006511B9 /* MKAnnotationView+WebCache.m */,
				36C5EF5A1D5716BA006511B9 /* NSData+ImageContentType.h */,
				36C5EF5B1D5716BA006511B9 /* NSData+ImageContentType.m */,
				36C5EF5C1D5716BA006511B9 /* SDImageCache.h */,
				36C5EF5D1D5716BA006511B9 /* SDImageCache.m */,
				36C5EF5E1D5716BA006511B9 /* SDWebImageCompat.h */,
				36C5EF5F1D5716BA006511B9 /* SDWebImageCompat.m */,
				36C5EF601D5716BA006511B9 /* SDWebImageDecoder.h */,
				36C5EF611D5716BA006511B9 /* SDWebImageDecoder.m */,
				36C5EF621D5716BA006511B9 /* SDWebImageDownloader.h */,
				36C5EF631D5716BA006511B9 /* SDWebImageDownloader.m */,
				36C5EF641D5716BA006511B9 /* SDWebImageDownloaderOperation.h */,
				36C5EF651D5716BA006511B9 /* SDWebImageDownloaderOperation.m */,
				36C5EF661D5716BA006511B9 /* SDWebImageManager.h */,
				36C5EF671D5716BA006511B9 /* SDWebImageManager.m */,
				36C5EF681D5716BA006511B9 /* SDWebImageOperation.h */,
				36C5EF691D5716BA006511B9 /* SDWebImagePrefetcher.h */,
				36C5EF6A1D5716BA006511B9 /* SDWebImagePrefetcher.m */,
				36C5EF6B1D5716BA006511B9 /* UIButton+WebCache.h */,
				36C5EF6C1D5716BA006511B9 /* UIButton+WebCache.m */,
				36C5EF6D1D5716BA006511B9 /* UIImage+GIF.h */,
				36C5EF6E1D5716BA006511B9 /* UIImage+GIF.m */,
				36C5EF6F1D5716BA006511B9 /* UIImage+MultiFormat.h */,
				36C5EF701D5716BA006511B9 /* UIImage+MultiFormat.m */,
				36C5EF711D5716BA006511B9 /* UIImage+WebP.h */,
				36C5EF721D5716BA006511B9 /* UIImage+WebP.m */,
				36C5EF731D5716BA006511B9 /* UIImageView+HighlightedWebCache.h */,
				36C5EF741D5716BA006511B9 /* UIImageView+HighlightedWebCache.m */,
				36C5EF751D5716BA006511B9 /* UIImageView+WebCache.h */,
				36C5EF761D5716BA006511B9 /* UIImageView+WebCache.m */,
				36C5EF771D5716BA006511B9 /* UIView+WebCacheOperation.h */,
				36C5EF781D5716BA006511B9 /* UIView+WebCacheOperation.m */,
			);
			path = SDWebImage;
			sourceTree = "<group>";
		};
		36C5EF891D57171A006511B9 /* Controller */ = {
			isa = PBXGroup;
			children = (
				36C5EF901D5719D9006511B9 /* ViewController.h */,
				36C5EF911D5719D9006511B9 /* ViewController.m */,
				360256EA1D5E065F006C8EF8 /* StatusTableViewController.h */,
				360256EB1D5E065F006C8EF8 /* StatusTableViewController.m */,
			);
			path = Controller;
			sourceTree = "<group>";
		};
		36C5EF8A1D571722006511B9 /* View */ = {
			isa = PBXGroup;
			children = (
				361C369E1D58863A0064E76C /* NavigationScroll */,
				361C369F1D5886650064E76C /* MainScrollView */,
			);
			path = View;
			sourceTree = "<group>";
		};
		36C5EF8B1D571727006511B9 /* Model */ = {
			isa = PBXGroup;
			children = (
				361C36AE1D589C660064E76C /* UserModel.h */,
				361C36AF1D589C660064E76C /* UserModel.m */,
				3697C37B1D5849D100C2DD01 /* StatusModel.h */,
				3697C37C1D5849D100C2DD01 /* StatusModel.m */,
				36CF1F5F1D6ACF0C0098EB09 /* CommentsStatusModel.h */,
				36CF1F601D6ACF0C0098EB09 /* CommentsStatusModel.m */,
			);
			path = Model;
			sourceTree = "<group>";
		};
		36C5EF8C1D571936006511B9 /* Controller */ = {
			isa = PBXGroup;
			children = (
				36C5EF8D1D571936006511B9 /* LoginViewController.h */,
				36C5EF8E1D571936006511B9 /* LoginViewController.m */,
			);
			path = Controller;
			sourceTree = "<group>";
		};
		36C5EF931D571A13006511B9 /* GeneralClass */ = {
			isa = PBXGroup;
			children = (
				CCEDB5D61D6E90AF00AA4976 /* Animation */,
				CCEDB5D11D6E8AD500AA4976 /* String */,
				CCEDB5D01D6E8AC500AA4976 /* View */,
				CCEDB5D21D6E8B5400AA4976 /* Http */,
			);
			path = GeneralClass;
			sourceTree = "<group>";
		};
		C9CEB8E7E8F2035E037FCDB4 /* Pods */ = {
			isa = PBXGroup;
			children = (
				4E9207BE03FA49DFE0F75765 /* Pods-SmallerWeibo.debug.xcconfig */,
				E87709EF3301DB26FA66DE96 /* Pods-SmallerWeibo.release.xcconfig */,
			);
			name = Pods;
			sourceTree = "<group>";
		};
		CCEDB5D01D6E8AC500AA4976 /* View */ = {
			isa = PBXGroup;
			children = (
				36FECD961D674092005C525F /* UIView+Toast.h */,
				36FECD971D674092005C525F /* UIView+Toast.m */,
			);
			name = View;
			sourceTree = "<group>";
		};
		CCEDB5D11D6E8AD500AA4976 /* String */ = {
			isa = PBXGroup;
			children = (
				36C5EF961D571A13006511B9 /* NSString+Extend.h */,
				36C5EF971D571A13006511B9 /* NSString+Extend.m */,
				CC8F1CA41D716D3A0028D0D9 /* SingExp.h */,
				CC8F1CA51D716D3A0028D0D9 /* SingExp.m */,
			);
			name = String;
			sourceTree = "<group>";
		};
		CCEDB5D21D6E8B5400AA4976 /* Http */ = {
			isa = PBXGroup;
			children = (
				36C5EF941D571A13006511B9 /* HttpRequest.h */,
				36C5EF951D571A13006511B9 /* HttpRequest.m */,
			);
			name = Http;
			sourceTree = "<group>";
		};
		CCEDB5D61D6E90AF00AA4976 /* Animation */ = {
			isa = PBXGroup;
			children = (
				CCEDB5D31D6E90A800AA4976 /* ReViewImgAnimation.h */,
				CCEDB5D41D6E90A800AA4976 /* ReViewImgAnimation.m */,
			);
			name = Animation;
			sourceTree = "<group>";
		};
		CCEDB5DB1D6EBC4300AA4976 /* DetailStatus */ = {
			isa = PBXGroup;
			children = (
				CCEDB5D71D6EBC2C00AA4976 /* DetailStatusViewController.h */,
				CCEDB5D81D6EBC2C00AA4976 /* DetailStatusViewController.m */,
				CCEDB5E51D6EC40E00AA4976 /* model */,
				CCEDB5DC1D6EBFAF00AA4976 /* view */,
			);
			name = DetailStatus;
			sourceTree = "<group>";
		};
		CCEDB5DC1D6EBFAF00AA4976 /* view */ = {
			isa = PBXGroup;
			children = (
				CCEDB5E01D6EBFEE00AA4976 /* CommentsTableViewCell.h */,
				CCEDB5E11D6EBFEE00AA4976 /* CommentsTableViewCell.m */,
				CCEDB5E21D6EBFEE00AA4976 /* CommentsTableViewCell.xib */,
			);
			name = view;
			sourceTree = "<group>";
		};
		CCEDB5E51D6EC40E00AA4976 /* model */ = {
			isa = PBXGroup;
			children = (
				CCEDB5E61D6EC43100AA4976 /* commentsModel.h */,
				CCEDB5E71D6EC43100AA4976 /* commentsModel.m */,
			);
			name = model;
			sourceTree = "<group>";
		};
		CCEDB62B1D6F2E8200AA4976 /* More */ = {
			isa = PBXGroup;
			children = (
				CCBA4C8F1D7063BE0046E20F /* MoreViewController.h */,
				CCBA4C901D7063BE0046E20F /* MoreViewController.m */,
			);
			name = More;
			sourceTree = "<group>";
		};
/* End PBXGroup section */

/* Begin PBXNativeTarget section */
		36994D421D57136C0078372C /* SmallerWeibo */ = {
			isa = PBXNativeTarget;
			buildConfigurationList = 36994D5A1D57136C0078372C /* Build configuration list for PBXNativeTarget "SmallerWeibo" */;
			buildPhases = (
				3F3721A7BA781EC8F4EB4720 /* [CP] Check Pods Manifest.lock */,
				36994D3F1D57136C0078372C /* Sources */,
				36994D401D57136C0078372C /* Frameworks */,
				36994D411D57136C0078372C /* Resources */,
				934AD8931E0FD34D4A0E6EDD /* [CP] Embed Pods Frameworks */,
				CF521F21886A0CCB108B2031 /* [CP] Copy Pods Resources */,
			);
			buildRules = (
			);
			dependencies = (
			);
			name = SmallerWeibo;
			productName = SmallerWeibo;
			productReference = 36994D431D57136C0078372C /* SmallerWeibo.app */;
			productType = "com.apple.product-type.application";
		};
/* End PBXNativeTarget section */

/* Begin PBXProject section */
		36994D3B1D57136C0078372C /* Project object */ = {
			isa = PBXProject;
			attributes = {
				LastUpgradeCheck = 0800;
				ORGANIZATIONNAME = "鲁成龙";
				TargetAttributes = {
					36994D421D57136C0078372C = {
						CreatedOnToolsVersion = 8.0;
						DevelopmentTeam = 7U6N45WL2E;
						DevelopmentTeamName = "成龙 鲁 (Personal Team)";
						ProvisioningStyle = Automatic;
					};
				};
			};
			buildConfigurationList = 36994D3E1D57136C0078372C /* Build configuration list for PBXProject "SmallerWeibo" */;
			compatibilityVersion = "Xcode 3.2";
			developmentRegion = English;
			hasScannedForEncodings = 0;
			knownRegions = (
				en,
				Base,
			);
			mainGroup = 36994D3A1D57136C0078372C;
			productRefGroup = 36994D441D57136C0078372C /* Products */;
			projectDirPath = "";
			projectRoot = "";
			targets = (
				36994D421D57136C0078372C /* SmallerWeibo */,
			);
		};
/* End PBXProject section */

/* Begin PBXResourcesBuildPhase section */
		36994D411D57136C0078372C /* Resources */ = {
			isa = PBXResourcesBuildPhase;
			buildActionMask = 2147483647;
			files = (
				CCEDB5E41D6EBFEE00AA4976 /* CommentsTableViewCell.xib in Resources */,
				CC0303311D716678003FE795 /* Image.bundle in Resources */,
				36C5EFA41D572378006511B9 /* NavigationCollectionViewCell.xib in Resources */,
				36994D561D57136C0078372C /* LaunchScreen.storyboard in Resources */,
				36994D531D57136C0078372C /* Assets.xcassets in Resources */,
				368E17471D5ABA630006234D /* StatusCell.xib in Resources */,
				CC8F1CA31D716BF00028D0D9 /* face.plist in Resources */,
			);
			runOnlyForDeploymentPostprocessing = 0;
		};
/* End PBXResourcesBuildPhase section */

/* Begin PBXShellScriptBuildPhase section */
		3F3721A7BA781EC8F4EB4720 /* [CP] Check Pods Manifest.lock */ = {
			isa = PBXShellScriptBuildPhase;
			buildActionMask = 2147483647;
			files = (
			);
			inputPaths = (
			);
			name = "[CP] Check Pods Manifest.lock";
			outputPaths = (
			);
			runOnlyForDeploymentPostprocessing = 0;
			shellPath = /bin/sh;
			shellScript = "diff \"${PODS_ROOT}/../Podfile.lock\" \"${PODS_ROOT}/Manifest.lock\" > /dev/null\nif [[ $? != 0 ]] ; then\n    cat << EOM\nerror: The sandbox is not in sync with the Podfile.lock. Run 'pod install' or update your CocoaPods installation.\nEOM\n    exit 1\nfi\n";
			showEnvVarsInLog = 0;
		};
		934AD8931E0FD34D4A0E6EDD /* [CP] Embed Pods Frameworks */ = {
			isa = PBXShellScriptBuildPhase;
			buildActionMask = 2147483647;
			files = (
			);
			inputPaths = (
			);
			name = "[CP] Embed Pods Frameworks";
			outputPaths = (
			);
			runOnlyForDeploymentPostprocessing = 0;
			shellPath = /bin/sh;
			shellScript = "\"${SRCROOT}/Pods/Target Support Files/Pods-SmallerWeibo/Pods-SmallerWeibo-frameworks.sh\"\n";
			showEnvVarsInLog = 0;
		};
		CF521F21886A0CCB108B2031 /* [CP] Copy Pods Resources */ = {
			isa = PBXShellScriptBuildPhase;
			buildActionMask = 2147483647;
			files = (
			);
			inputPaths = (
			);
			name = "[CP] Copy Pods Resources";
			outputPaths = (
			);
			runOnlyForDeploymentPostprocessing = 0;
			shellPath = /bin/sh;
			shellScript = "\"${SRCROOT}/Pods/Target Support Files/Pods-SmallerWeibo/Pods-SmallerWeibo-resources.sh\"\n";
			showEnvVarsInLog = 0;
		};
/* End PBXShellScriptBuildPhase section */

/* Begin PBXSourcesBuildPhase section */
		36994D3F1D57136C0078372C /* Sources */ = {
			isa = PBXSourcesBuildPhase;
			buildActionMask = 2147483647;
			files = (
				36C5EF861D5716BA006511B9 /* UIImageView+HighlightedWebCache.m in Sources */,
				36C5EF7A1D5716BA006511B9 /* NSData+ImageContentType.m in Sources */,
				CC8F1CA61D716D3A0028D0D9 /* SingExp.m in Sources */,
				36C5EF991D571A13006511B9 /* NSString+Extend.m in Sources */,
				36C5EF801D5716BA006511B9 /* SDWebImageManager.m in Sources */,
				36C5EF9F1D571B2B006511B9 /* NavigationScroll.m in Sources */,
				36C5EF7E1D5716BA006511B9 /* SDWebImageDownloader.m in Sources */,
				3687B24A1D5C46BF0084887F /* MLLinkLabel.m in Sources */,
				36C5EF981D571A13006511B9 /* HttpRequest.m in Sources */,
				368E17461D5ABA630006234D /* StatusCell.m in Sources */,
				36C5EF8F1D571936006511B9 /* LoginViewController.m in Sources */,
				36C5EF851D5716BA006511B9 /* UIImage+WebP.m in Sources */,
				36C5EF881D5716BA006511B9 /* UIView+WebCacheOperation.m in Sources */,
				CCBA4C911D7063BE0046E20F /* MoreViewController.m in Sources */,
				36C5EF7B1D5716BA006511B9 /* SDImageCache.m in Sources */,
				CCEDB5D51D6E90A800AA4976 /* ReViewImgAnimation.m in Sources */,
				3697C37D1D5849D100C2DD01 /* StatusModel.m in Sources */,
				36FECD981D674092005C525F /* UIView+Toast.m in Sources */,
				CCEDB5E81D6EC43100AA4976 /* commentsModel.m in Sources */,
				36C5EF791D5716BA006511B9 /* MKAnnotationView+WebCache.m in Sources */,
				36C5EF7D1D5716BA006511B9 /* SDWebImageDecoder.m in Sources */,
				36C5EF841D5716BA006511B9 /* UIImage+MultiFormat.m in Sources */,
				3687B2491D5C46BF0084887F /* MLLabel.m in Sources */,
				36C5EF7F1D5716BA006511B9 /* SDWebImageDownloaderOperation.m in Sources */,
				3687B2431D5C46BF0084887F /* NSString+MLLabel.m in Sources */,
				3687B2411D5C46BF0084887F /* NSAttributedString+MLLabel.m in Sources */,
				3687B2451D5C46BF0084887F /* MLTextAttachment.m in Sources */,
				36994D4B1D57136C0078372C /* AppDelegate.m in Sources */,
				360256EC1D5E065F006C8EF8 /* StatusTableViewController.m in Sources */,
				36C5EF821D5716BA006511B9 /* UIButton+WebCache.m in Sources */,
				3687B2471D5C46BF0084887F /* NSString+MLExpression.m in Sources */,
				CCEDB5D91D6EBC2C00AA4976 /* DetailStatusViewController.m in Sources */,
				36C5EF921D5719D9006511B9 /* ViewController.m in Sources */,
				36C5EF811D5716BA006511B9 /* SDWebImagePrefetcher.m in Sources */,
				36C5EF871D5716BA006511B9 /* UIImageView+WebCache.m in Sources */,
				36C5EF7C1D5716BA006511B9 /* SDWebImageCompat.m in Sources */,
				3687B2441D5C46BF0084887F /* MLExpressionManager.m in Sources */,
				36C5EFA31D572378006511B9 /* NavigationCollectionViewCell.m in Sources */,
				3687B2421D5C46BF0084887F /* NSMutableAttributedString+MLLabel.m in Sources */,
				3687B2461D5C46BF0084887F /* NSAttributedString+MLExpression.m in Sources */,
				361C36B01D589C660064E76C /* UserModel.m in Sources */,
				3687B2481D5C46BF0084887F /* MLLabelLayoutManager.m in Sources */,
				CCEDB5E31D6EBFEE00AA4976 /* CommentsTableViewCell.m in Sources */,
				36C5EF831D5716BA006511B9 /* UIImage+GIF.m in Sources */,
				36994D481D57136C0078372C /* main.m in Sources */,
				363C0A7B1D6310A000CED9DB /* ReviewImgController.m in Sources */,
				36CF1F611D6ACF0C0098EB09 /* CommentsStatusModel.m in Sources */,
			);
			runOnlyForDeploymentPostprocessing = 0;
		};
/* End PBXSourcesBuildPhase section */

/* Begin PBXVariantGroup section */
		36994D541D57136C0078372C /* LaunchScreen.storyboard */ = {
			isa = PBXVariantGroup;
			children = (
				36994D551D57136C0078372C /* Base */,
			);
			name = LaunchScreen.storyboard;
			sourceTree = "<group>";
		};
/* End PBXVariantGroup section */

/* Begin XCBuildConfiguration section */
		36994D581D57136C0078372C /* Debug */ = {
			isa = XCBuildConfiguration;
			buildSettings = {
				ALWAYS_SEARCH_USER_PATHS = NO;
				CLANG_ANALYZER_NONNULL = YES;
				CLANG_CXX_LANGUAGE_STANDARD = "gnu++0x";
				CLANG_CXX_LIBRARY = "libc++";
				CLANG_ENABLE_MODULES = YES;
				CLANG_ENABLE_OBJC_ARC = YES;
				CLANG_WARN_BOOL_CONVERSION = YES;
				CLANG_WARN_CONSTANT_CONVERSION = YES;
				CLANG_WARN_DIRECT_OBJC_ISA_USAGE = YES_ERROR;
				CLANG_WARN_DOCUMENTATION_COMMENTS = YES;
				CLANG_WARN_EMPTY_BODY = YES;
				CLANG_WARN_ENUM_CONVERSION = YES;
				CLANG_WARN_INFINITE_RECURSION = YES;
				CLANG_WARN_INT_CONVERSION = YES;
				CLANG_WARN_OBJC_ROOT_CLASS = YES_ERROR;
				CLANG_WARN_SUSPICIOUS_MOVE = YES;
				CLANG_WARN_SUSPICIOUS_MOVES = YES;
				CLANG_WARN_UNREACHABLE_CODE = YES;
				CLANG_WARN__DUPLICATE_METHOD_MATCH = YES;
				"CODE_SIGN_IDENTITY[sdk=iphoneos*]" = "iPhone Developer";
				COPY_PHASE_STRIP = NO;
				DEBUG_INFORMATION_FORMAT = dwarf;
				ENABLE_STRICT_OBJC_MSGSEND = YES;
				ENABLE_TESTABILITY = YES;
				GCC_C_LANGUAGE_STANDARD = gnu99;
				GCC_DYNAMIC_NO_PIC = NO;
				GCC_NO_COMMON_BLOCKS = YES;
				GCC_OPTIMIZATION_LEVEL = 0;
				GCC_PREPROCESSOR_DEFINITIONS = (
					"DEBUG=1",
					"$(inherited)",
				);
				GCC_WARN_64_TO_32_BIT_CONVERSION = YES;
				GCC_WARN_ABOUT_RETURN_TYPE = YES_ERROR;
				GCC_WARN_UNDECLARED_SELECTOR = YES;
				GCC_WARN_UNINITIALIZED_AUTOS = YES_AGGRESSIVE;
				GCC_WARN_UNUSED_FUNCTION = YES;
				GCC_WARN_UNUSED_VARIABLE = YES;
				IPHONEOS_DEPLOYMENT_TARGET = 9.0;
				MTL_ENABLE_DEBUG_INFO = YES;
				ONLY_ACTIVE_ARCH = YES;
				SDKROOT = iphoneos;
			};
			name = Debug;
		};
		36994D591D57136C0078372C /* Release */ = {
			isa = XCBuildConfiguration;
			buildSettings = {
				ALWAYS_SEARCH_USER_PATHS = NO;
				CLANG_ANALYZER_NONNULL = YES;
				CLANG_CXX_LANGUAGE_STANDARD = "gnu++0x";
				CLANG_CXX_LIBRARY = "libc++";
				CLANG_ENABLE_MODULES = YES;
				CLANG_ENABLE_OBJC_ARC = YES;
				CLANG_WARN_BOOL_CONVERSION = YES;
				CLANG_WARN_CONSTANT_CONVERSION = YES;
				CLANG_WARN_DIRECT_OBJC_ISA_USAGE = YES_ERROR;
				CLANG_WARN_DOCUMENTATION_COMMENTS = YES;
				CLANG_WARN_EMPTY_BODY = YES;
				CLANG_WARN_ENUM_CONVERSION = YES;
				CLANG_WARN_INFINITE_RECURSION = YES;
				CLANG_WARN_INT_CONVERSION = YES;
				CLANG_WARN_OBJC_ROOT_CLASS = YES_ERROR;
				CLANG_WARN_SUSPICIOUS_MOVE = YES;
				CLANG_WARN_SUSPICIOUS_MOVES = YES;
				CLANG_WARN_UNREACHABLE_CODE = YES;
				CLANG_WARN__DUPLICATE_METHOD_MATCH = YES;
				"CODE_SIGN_IDENTITY[sdk=iphoneos*]" = "iPhone Developer";
				COPY_PHASE_STRIP = NO;
				DEBUG_INFORMATION_FORMAT = "dwarf-with-dsym";
				ENABLE_NS_ASSERTIONS = NO;
				ENABLE_STRICT_OBJC_MSGSEND = YES;
				GCC_C_LANGUAGE_STANDARD = gnu99;
				GCC_NO_COMMON_BLOCKS = YES;
				GCC_WARN_64_TO_32_BIT_CONVERSION = YES;
				GCC_WARN_ABOUT_RETURN_TYPE = YES_ERROR;
				GCC_WARN_UNDECLARED_SELECTOR = YES;
				GCC_WARN_UNINITIALIZED_AUTOS = YES_AGGRESSIVE;
				GCC_WARN_UNUSED_FUNCTION = YES;
				GCC_WARN_UNUSED_VARIABLE = YES;
				IPHONEOS_DEPLOYMENT_TARGET = 9.0;
				MTL_ENABLE_DEBUG_INFO = NO;
				SDKROOT = iphoneos;
				VALIDATE_PRODUCT = YES;
			};
			name = Release;
		};
		36994D5B1D57136C0078372C /* Debug */ = {
			isa = XCBuildConfiguration;
			baseConfigurationReference = 4E9207BE03FA49DFE0F75765 /* Pods-SmallerWeibo.debug.xcconfig */;
			buildSettings = {
				ASSETCATALOG_COMPILER_APPICON_NAME = AppIcon;
				CLANG_ENABLE_OBJC_WEAK = YES;
				"CODE_SIGN_IDENTITY[sdk=iphoneos*]" = "iPhone Developer";
				DEVELOPMENT_TEAM = 7U6N45WL2E;
				INFOPLIST_FILE = SmallerWeibo/Info.plist;
				IPHONEOS_DEPLOYMENT_TARGET = 9.0;
				LD_RUNPATH_SEARCH_PATHS = "$(inherited) @executable_path/Frameworks";
				PRODUCT_BUNDLE_IDENTIFIER = com.LcL.SmallerWeibo;
				PRODUCT_NAME = "$(TARGET_NAME)";
				PROVISIONING_PROFILE = "";
				PROVISIONING_PROFILE_SPECIFIER = "";
			};
			name = Debug;
		};
		36994D5C1D57136C0078372C /* Release */ = {
			isa = XCBuildConfiguration;
			baseConfigurationReference = E87709EF3301DB26FA66DE96 /* Pods-SmallerWeibo.release.xcconfig */;
			buildSettings = {
				ASSETCATALOG_COMPILER_APPICON_NAME = AppIcon;
				CLANG_ENABLE_OBJC_WEAK = YES;
				"CODE_SIGN_IDENTITY[sdk=iphoneos*]" = "iPhone Developer";
				DEVELOPMENT_TEAM = 7U6N45WL2E;
				INFOPLIST_FILE = SmallerWeibo/Info.plist;
				IPHONEOS_DEPLOYMENT_TARGET = 9.0;
				LD_RUNPATH_SEARCH_PATHS = "$(inherited) @executable_path/Frameworks";
				PRODUCT_BUNDLE_IDENTIFIER = com.LcL.SmallerWeibo;
				PRODUCT_NAME = "$(TARGET_NAME)";
				PROVISIONING_PROFILE = "";
				PROVISIONING_PROFILE_SPECIFIER = "";
			};
			name = Release;
		};
/* End XCBuildConfiguration section */

/* Begin XCConfigurationList section */
		36994D3E1D57136C0078372C /* Build configuration list for PBXProject "SmallerWeibo" */ = {
			isa = XCConfigurationList;
			buildConfigurations = (
				36994D581D57136C0078372C /* Debug */,
				36994D591D57136C0078372C /* Release */,
			);
			defaultConfigurationIsVisible = 0;
			defaultConfigurationName = Release;
		};
		36994D5A1D57136C0078372C /* Build configuration list for PBXNativeTarget "SmallerWeibo" */ = {
			isa = XCConfigurationList;
			buildConfigurations = (
				36994D5B1D57136C0078372C /* Debug */,
				36994D5C1D57136C0078372C /* Release */,
			);
			defaultConfigurationIsVisible = 0;
			defaultConfigurationName = Release;
		};
/* End XCConfigurationList section */
	};
	rootObject = 36994D3B1D57136C0078372C /* Project object */;
}
